
Microsoft Visual Studio Solution File, Format Version 12.00
# Visual Studio Version 17
VisualStudioVersion = 17.9.34728.123
MinimumVisualStudioVersion = 10.0.40219.1
Project("{FAE04EC0-301F-11D3-BF4B-00C04F79EFBC}") = "NZWalks.API", "NZWalks.API\NZWalks.API.csproj", "{F5582A75-C36E-4AE5-9540-FDC4A4E0AF79}"
EndProject
Global
	GlobalSection(SolutionConfigurationPlatforms) = preSolution
		Debug|Any CPU = Debug|Any CPU
		Release|Any CPU = Release|Any CPU
	EndGlobalSection
	GlobalSection(ProjectConfigurationPlatforms) = postSolution
		{F5582A75-C36E-4AE5-9540-FDC4A4E0AF79}.Debug|Any CPU.ActiveCfg = Debug|Any CPU
		{F5582A75-C36E-4AE5-9540-FDC4A4E0AF79}.Debug|Any CPU.Build.0 = Debug|Any CPU
		{F5582A75-C36E-4AE5-9540-FDC4A4E0AF79}.Release|Any CPU.ActiveCfg = Release|Any CPU
		{F5582A75-C36E-4AE5-9540-FDC4A4E0AF79}.Release|Any CPU.Build.0 = Release|Any CPU
	EndGlobalSection
	GlobalSection(SolutionProperties) = preSolution
		HideSolutionNode = FALSE
	EndGlobalSection
	GlobalSection(ExtensibilityGlobals) = postSolution
		SolutionGuid = {415A4CAA-501D-4EC3-ADF6-76EBC8630FB8}
	EndGlobalSection
EndGlobal
